
Microsoft Visual Studio Solution File, Format Version 12.00
# Visual Studio 15
VisualStudioVersion = 15.0.27428.2011
MinimumVisualStudioVersion = 10.0.40219.1
Project("{FAE04EC0-301F-11D3-BF4B-00C04F79EFBC}") = "SWAutomacao.Android", "SWAutomacao\SWAutomacao.Android\SWAutomacao.Android.csproj", "{09981FEC-1F67-4A65-B90F-920B515A0678}"
EndProject
Project("{D954291E-2A0B-460D-934E-DC6B0785DB48}") = "SWAutomacao", "SWAutomacao\SWAutomacao\SWAutomacao.shproj", "{503D810B-48A1-41C4-A371-EFA0A803FCA1}"
EndProject
Global
	GlobalSection(SharedMSBuildProjectFiles) = preSolution
		SWAutomacao\SWAutomacao\SWAutomacao.projitems*{09981fec-1f67-4a65-b90f-920b515a0678}*SharedItemsImports = 4
		SWAutomacao\SWAutomacao\SWAutomacao.projitems*{503d810b-48a1-41c4-a371-efa0a803fca1}*SharedItemsImports = 13
	EndGlobalSection
	GlobalSection(SolutionConfigurationPlatforms) = preSolution
		Debug|Any CPU = Debug|Any CPU
		Debug|x86 = Debug|x86
		Release|Any CPU = Release|Any CPU
		Release|x86 = Release|x86
	EndGlobalSection
	GlobalSection(ProjectConfigurationPlatforms) = postSolution
		{09981FEC-1F67-4A65-B90F-920B515A0678}.Debug|Any CPU.ActiveCfg = Debug|Any CPU
		{09981FEC-1F67-4A65-B90F-920B515A0678}.Debug|Any CPU.Build.0 = Debug|Any CPU
		{09981FEC-1F67-4A65-B90F-920B515A0678}.Debug|Any CPU.Deploy.0 = Debug|Any CPU
		{09981FEC-1F67-4A65-B90F-920B515A0678}.Debug|x86.ActiveCfg = Debug|x86
		{09981FEC-1F67-4A65-B90F-920B515A0678}.Debug|x86.Build.0 = Debug|x86
		{09981FEC-1F67-4A65-B90F-920B515A0678}.Debug|x86.Deploy.0 = Debug|x86
		{09981FEC-1F67-4A65-B90F-920B515A0678}.Release|Any CPU.ActiveCfg = Release|Any CPU
		{09981FEC-1F67-4A65-B90F-920B515A0678}.Release|Any CPU.Build.0 = Release|Any CPU
		{09981FEC-1F67-4A65-B90F-920B515A0678}.Release|Any CPU.Deploy.0 = Release|Any CPU
		{09981FEC-1F67-4A65-B90F-920B515A0678}.Release|x86.ActiveCfg = Release|x86
		{09981FEC-1F67-4A65-B90F-920B515A0678}.Release|x86.Build.0 = Release|x86
		{09981FEC-1F67-4A65-B90F-920B515A0678}.Release|x86.Deploy.0 = Release|x86
	EndGlobalSection
	GlobalSection(SolutionProperties) = preSolution
		HideSolutionNode = FALSE
	EndGlobalSection
	GlobalSection(ExtensibilityGlobals) = postSolution
		SolutionGuid = {E873B285-5E28-4081-8E34-E8327565FD8D}
	EndGlobalSection
EndGlobal
